{
    "name": "laravel-cms-vue-admin",
    "lockfileVersion": 3,
    "requires": true,
    "packages": {
        "": {
            "name": "laravel-cms-vue-admin",
            "devDependencies": {
                "@kyvg/vue3-notification": "^2.4.1",
                "@prettier/plugin-php": "^0.19.1",
                "@tiptap/starter-kit": "^2.1.12",
                "@tiptap/vue-3": "^2.1.12",
                "@vitejs/plugin-vue": "^3.1.0",
                "laravel-vite-plugin": "^0.6.0",
                "lodash": "^4.17.21",
                "sass": "^1.56.1",
                "spectre.css": "^0.5.9",
                "text-clipper": "^2.2.0",
                "vite": "^3.0.0",
                "vue": "^3.2.37",
                "vue-cookies": "^1.8.2",
                "vue-router": "^4.1.5"
            }
        },
        "node_modules/@babel/parser": {
            "version": "7.23.0",
            "dev": true,
            "license": "MIT",
            "bin": {
                "parser": "bin/babel-parser.js"
            },
            "engines": {
                "node": ">=6.0.0"
            }
        },
        "node_modules/@jridgewell/sourcemap-codec": {
            "version": "1.4.15",
            "dev": true,
            "license": "MIT"
        },
        "node_modules/@kyvg/vue3-notification": {
            "version": "2.9.1",
            "dev": true,
            "license": "MIT",
            "peerDependencies": {
                "vue": "^3.0.0"
            }
        },
        "node_modules/@popperjs/core": {
            "version": "2.11.8",
            "dev": true,
            "license": "MIT",
            "funding": {
                "type": "opencollective",
                "url": "https://opencollective.com/popperjs"
            }
        },
        "node_modules/@prettier/plugin-php": {
            "version": "0.19.7",
            "dev": true,
            "license": "MIT",
            "dependencies": {
                "linguist-languages": "^7.21.0",
                "mem": "^8.0.0",
                "php-parser": "^3.1.5"
            },
            "peerDependencies": {
                "prettier": "^1.15.0 || ^2.0.0"
            }
        },
        "node_modules/@remirror/core-constants": {
            "version": "2.0.2",
            "dev": true,
            "license": "MIT",
            "peer": true
        },
        "node_modules/@remirror/core-helpers": {
            "version": "3.0.0",
            "dev": true,
            "license": "MIT",
            "peer": true,
            "dependencies": {
                "@remirror/core-constants": "^2.0.2",
                "@remirror/types": "^1.0.1",
                "@types/object.omit": "^3.0.0",
                "@types/object.pick": "^1.3.2",
                "@types/throttle-debounce": "^2.1.0",
                "case-anything": "^2.1.13",
                "dash-get": "^1.0.2",
                "deepmerge": "^4.3.1",
                "fast-deep-equal": "^3.1.3",
                "make-error": "^1.3.6",
                "object.omit": "^3.0.0",
                "object.pick": "^1.3.0",
                "throttle-debounce": "^3.0.1"
            }
        },
        "node_modules/@remirror/types": {
            "version": "1.0.1",
            "dev": true,
            "license": "MIT",
            "peer": true,
            "dependencies": {
                "type-fest": "^2.19.0"
            }
        },
        "node_modules/@tiptap/core": {
            "version": "2.1.12",
            "dev": true,
            "license": "MIT",
            "funding": {
                "type": "github",
                "url": "https://github.com/sponsors/ueberdosis"
            },
            "peerDependencies": {
                "@tiptap/pm": "^2.0.0"
            }
        },
        "node_modules/@tiptap/extension-blockquote": {
            "version": "2.1.12",
            "dev": true,
            "license": "MIT",
            "funding": {
                "type": "github",
                "url": "https://github.com/sponsors/ueberdosis"
            },
            "peerDependencies": {
                "@tiptap/core": "^2.0.0"
            }
        },
        "node_modules/@tiptap/extension-bold": {
            "version": "2.1.12",
            "dev": true,
            "license": "MIT",
            "funding": {
                "type": "github",
                "url": "https://github.com/sponsors/ueberdosis"
            },
            "peerDependencies": {
                "@tiptap/core": "^2.0.0"
            }
        },
        "node_modules/@tiptap/extension-bubble-menu": {
            "version": "2.1.12",
            "dev": true,
            "license": "MIT",
            "dependencies": {
                "tippy.js": "^6.3.7"
            },
            "funding": {
                "type": "github",
                "url": "https://github.com/sponsors/ueberdosis"
            },
            "peerDependencies": {
                "@tiptap/core": "^2.0.0",
                "@tiptap/pm": "^2.0.0"
            }
        },
        "node_modules/@tiptap/extension-bullet-list": {
            "version": "2.1.12",
            "dev": true,
            "license": "MIT",
            "funding": {
                "type": "github",
                "url": "https://github.com/sponsors/ueberdosis"
            },
            "peerDependencies": {
                "@tiptap/core": "^2.0.0"
            }
        },
        "node_modules/@tiptap/extension-code": {
            "version": "2.1.12",
            "dev": true,
            "license": "MIT",
            "funding": {
                "type": "github",
                "url": "https://github.com/sponsors/ueberdosis"
            },
            "peerDependencies": {
                "@tiptap/core": "^2.0.0"
            }
        },
        "node_modules/@tiptap/extension-code-block": {
            "version": "2.1.12",
            "dev": true,
            "license": "MIT",
            "funding": {
                "type": "github",
                "url": "https://github.com/sponsors/ueberdosis"
            },
            "peerDependencies": {
                "@tiptap/core": "^2.0.0",
                "@tiptap/pm": "^2.0.0"
            }
        },
        "node_modules/@tiptap/extension-document": {
            "version": "2.1.12",
            "dev": true,
            "license": "MIT",
            "funding": {
                "type": "github",
                "url": "https://github.com/sponsors/ueberdosis"
            },
            "peerDependencies": {
                "@tiptap/core": "^2.0.0"
            }
        },
        "node_modules/@tiptap/extension-dropcursor": {
            "version": "2.1.12",
            "dev": true,
            "license": "MIT",
            "funding": {
                "type": "github",
                "url": "https://github.com/sponsors/ueberdosis"
            },
            "peerDependencies": {
                "@tiptap/core": "^2.0.0",
                "@tiptap/pm": "^2.0.0"
            }
        },
        "node_modules/@tiptap/extension-floating-menu": {
            "version": "2.1.12",
            "dev": true,
            "license": "MIT",
            "dependencies": {
                "tippy.js": "^6.3.7"
            },
            "funding": {
                "type": "github",
                "url": "https://github.com/sponsors/ueberdosis"
            },
            "peerDependencies": {
                "@tiptap/core": "^2.0.0",
                "@tiptap/pm": "^2.0.0"
            }
        },
        "node_modules/@tiptap/extension-gapcursor": {
            "version": "2.1.12",
            "dev": true,
            "license": "MIT",
            "funding": {
                "type": "github",
                "url": "https://github.com/sponsors/ueberdosis"
            },
            "peerDependencies": {
                "@tiptap/core": "^2.0.0",
                "@tiptap/pm": "^2.0.0"
            }
        },
        "node_modules/@tiptap/extension-hard-break": {
            "version": "2.1.12",
            "dev": true,
            "license": "MIT",
            "funding": {
                "type": "github",
                "url": "https://github.com/sponsors/ueberdosis"
            },
            "peerDependencies": {
                "@tiptap/core": "^2.0.0"
            }
        },
        "node_modules/@tiptap/extension-heading": {
            "version": "2.1.12",
            "dev": true,
            "license": "MIT",
            "funding": {
                "type": "github",
                "url": "https://github.com/sponsors/ueberdosis"
            },
            "peerDependencies": {
                "@tiptap/core": "^2.0.0"
            }
        },
        "node_modules/@tiptap/extension-history": {
            "version": "2.1.12",
            "dev": true,
            "license": "MIT",
            "funding": {
                "type": "github",
                "url": "https://github.com/sponsors/ueberdosis"
            },
            "peerDependencies": {
                "@tiptap/core": "^2.0.0",
                "@tiptap/pm": "^2.0.0"
            }
        },
        "node_modules/@tiptap/extension-horizontal-rule": {
            "version": "2.1.12",
            "dev": true,
            "license": "MIT",
            "funding": {
                "type": "github",
                "url": "https://github.com/sponsors/ueberdosis"
            },
            "peerDependencies": {
                "@tiptap/core": "^2.0.0",
                "@tiptap/pm": "^2.0.0"
            }
        },
        "node_modules/@tiptap/extension-italic": {
            "version": "2.1.12",
            "dev": true,
            "license": "MIT",
            "funding": {
                "type": "github",
                "url": "https://github.com/sponsors/ueberdosis"
            },
            "peerDependencies": {
                "@tiptap/core": "^2.0.0"
            }
        },
        "node_modules/@tiptap/extension-list-item": {
            "version": "2.1.12",
            "dev": true,
            "license": "MIT",
            "funding": {
                "type": "github",
                "url": "https://github.com/sponsors/ueberdosis"
            },
            "peerDependencies": {
                "@tiptap/core": "^2.0.0"
            }
        },
        "node_modules/@tiptap/extension-ordered-list": {
            "version": "2.1.12",
            "dev": true,
            "license": "MIT",
            "funding": {
                "type": "github",
                "url": "https://github.com/sponsors/ueberdosis"
            },
            "peerDependencies": {
                "@tiptap/core": "^2.0.0"
            }
        },
        "node_modules/@tiptap/extension-paragraph": {
            "version": "2.1.12",
            "dev": true,
            "license": "MIT",
            "funding": {
                "type": "github",
                "url": "https://github.com/sponsors/ueberdosis"
            },
            "peerDependencies": {
                "@tiptap/core": "^2.0.0"
            }
        },
        "node_modules/@tiptap/extension-strike": {
            "version": "2.1.12",
            "dev": true,
            "license": "MIT",
            "funding": {
                "type": "github",
                "url": "https://github.com/sponsors/ueberdosis"
            },
            "peerDependencies": {
                "@tiptap/core": "^2.0.0"
            }
        },
        "node_modules/@tiptap/extension-text": {
            "version": "2.1.12",
            "dev": true,
            "license": "MIT",
            "funding": {
                "type": "github",
                "url": "https://github.com/sponsors/ueberdosis"
            },
            "peerDependencies": {
                "@tiptap/core": "^2.0.0"
            }
        },
        "node_modules/@tiptap/pm": {
            "version": "2.1.12",
            "dev": true,
            "license": "MIT",
            "peer": true,
            "dependencies": {
                "prosemirror-changeset": "^2.2.0",
                "prosemirror-collab": "^1.3.0",
                "prosemirror-commands": "^1.3.1",
                "prosemirror-dropcursor": "^1.5.0",
                "prosemirror-gapcursor": "^1.3.1",
                "prosemirror-history": "^1.3.0",
                "prosemirror-inputrules": "^1.2.0",
                "prosemirror-keymap": "^1.2.0",
                "prosemirror-markdown": "^1.10.1",
                "prosemirror-menu": "^1.2.1",
                "prosemirror-model": "^1.18.1",
                "prosemirror-schema-basic": "^1.2.0",
                "prosemirror-schema-list": "^1.2.2",
                "prosemirror-state": "^1.4.1",
                "prosemirror-tables": "^1.3.0",
                "prosemirror-trailing-node": "^2.0.2",
                "prosemirror-transform": "^1.7.0",
                "prosemirror-view": "^1.28.2"
            },
            "funding": {
                "type": "github",
                "url": "https://github.com/sponsors/ueberdosis"
            }
        },
        "node_modules/@tiptap/starter-kit": {
            "version": "2.1.12",
            "dev": true,
            "license": "MIT",
            "dependencies": {
                "@tiptap/core": "^2.1.12",
                "@tiptap/extension-blockquote": "^2.1.12",
                "@tiptap/extension-bold": "^2.1.12",
                "@tiptap/extension-bullet-list": "^2.1.12",
                "@tiptap/extension-code": "^2.1.12",
                "@tiptap/extension-code-block": "^2.1.12",
                "@tiptap/extension-document": "^2.1.12",
                "@tiptap/extension-dropcursor": "^2.1.12",
                "@tiptap/extension-gapcursor": "^2.1.12",
                "@tiptap/extension-hard-break": "^2.1.12",
                "@tiptap/extension-heading": "^2.1.12",
                "@tiptap/extension-history": "^2.1.12",
                "@tiptap/extension-horizontal-rule": "^2.1.12",
                "@tiptap/extension-italic": "^2.1.12",
                "@tiptap/extension-list-item": "^2.1.12",
                "@tiptap/extension-ordered-list": "^2.1.12",
                "@tiptap/extension-paragraph": "^2.1.12",
                "@tiptap/extension-strike": "^2.1.12",
                "@tiptap/extension-text": "^2.1.12"
            },
            "funding": {
                "type": "github",
                "url": "https://github.com/sponsors/ueberdosis"
            }
        },
        "node_modules/@tiptap/vue-3": {
            "version": "2.1.12",
            "dev": true,
            "license": "MIT",
            "dependencies": {
                "@tiptap/extension-bubble-menu": "^2.1.12",
                "@tiptap/extension-floating-menu": "^2.1.12"
            },
            "funding": {
                "type": "github",
                "url": "https://github.com/sponsors/ueberdosis"
            },
            "peerDependencies": {
                "@tiptap/core": "^2.0.0",
                "@tiptap/pm": "^2.0.0",
                "vue": "^3.0.0"
            }
        },
        "node_modules/@types/object.omit": {
            "version": "3.0.2",
            "dev": true,
            "license": "MIT",
            "peer": true
        },
        "node_modules/@types/object.pick": {
            "version": "1.3.3",
            "dev": true,
            "license": "MIT",
            "peer": true
        },
        "node_modules/@types/throttle-debounce": {
            "version": "2.1.0",
            "dev": true,
            "license": "MIT",
            "peer": true
        },
        "node_modules/@vitejs/plugin-vue": {
            "version": "3.2.0",
            "dev": true,
            "license": "MIT",
            "engines": {
                "node": "^14.18.0 || >=16.0.0"
            },
            "peerDependencies": {
                "vite": "^3.0.0",
                "vue": "^3.2.25"
            }
        },
        "node_modules/@vue/compiler-core": {
            "version": "3.3.4",
            "dev": true,
            "license": "MIT",
            "dependencies": {
                "@babel/parser": "^7.21.3",
                "@vue/shared": "3.3.4",
                "estree-walker": "^2.0.2",
                "source-map-js": "^1.0.2"
            }
        },
        "node_modules/@vue/compiler-dom": {
            "version": "3.3.4",
            "dev": true,
            "license": "MIT",
            "dependencies": {
                "@vue/compiler-core": "3.3.4",
                "@vue/shared": "3.3.4"
            }
        },
        "node_modules/@vue/compiler-sfc": {
            "version": "3.3.4",
            "dev": true,
            "license": "MIT",
            "dependencies": {
                "@babel/parser": "^7.20.15",
                "@vue/compiler-core": "3.3.4",
                "@vue/compiler-dom": "3.3.4",
                "@vue/compiler-ssr": "3.3.4",
                "@vue/reactivity-transform": "3.3.4",
                "@vue/shared": "3.3.4",
                "estree-walker": "^2.0.2",
                "magic-string": "^0.30.0",
                "postcss": "^8.1.10",
                "source-map-js": "^1.0.2"
            }
        },
        "node_modules/@vue/compiler-ssr": {
            "version": "3.3.4",
            "dev": true,
            "license": "MIT",
            "dependencies": {
                "@vue/compiler-dom": "3.3.4",
                "@vue/shared": "3.3.4"
            }
        },
        "node_modules/@vue/devtools-api": {
            "version": "6.5.1",
            "dev": true,
            "license": "MIT"
        },
        "node_modules/@vue/reactivity": {
            "version": "3.3.4",
            "dev": true,
            "license": "MIT",
            "dependencies": {
                "@vue/shared": "3.3.4"
            }
        },
        "node_modules/@vue/reactivity-transform": {
            "version": "3.3.4",
            "dev": true,
            "license": "MIT",
            "dependencies": {
                "@babel/parser": "^7.20.15",
                "@vue/compiler-core": "3.3.4",
                "@vue/shared": "3.3.4",
                "estree-walker": "^2.0.2",
                "magic-string": "^0.30.0"
            }
        },
        "node_modules/@vue/runtime-core": {
            "version": "3.3.4",
            "dev": true,
            "license": "MIT",
            "dependencies": {
                "@vue/reactivity": "3.3.4",
                "@vue/shared": "3.3.4"
            }
        },
        "node_modules/@vue/runtime-dom": {
            "version": "3.3.4",
            "dev": true,
            "license": "MIT",
            "dependencies": {
                "@vue/runtime-core": "3.3.4",
                "@vue/shared": "3.3.4",
                "csstype": "^3.1.1"
            }
        },
        "node_modules/@vue/server-renderer": {
            "version": "3.3.4",
            "dev": true,
            "license": "MIT",
            "dependencies": {
                "@vue/compiler-ssr": "3.3.4",
                "@vue/shared": "3.3.4"
            },
            "peerDependencies": {
                "vue": "3.3.4"
            }
        },
        "node_modules/@vue/shared": {
            "version": "3.3.4",
            "dev": true,
            "license": "MIT"
        },
        "node_modules/anymatch": {
            "version": "3.1.3",
            "dev": true,
            "license": "ISC",
            "dependencies": {
                "normalize-path": "^3.0.0",
                "picomatch": "^2.0.4"
            },
            "engines": {
                "node": ">= 8"
            }
        },
        "node_modules/argparse": {
            "version": "2.0.1",
            "dev": true,
            "license": "Python-2.0",
            "peer": true
        },
        "node_modules/binary-extensions": {
            "version": "2.2.0",
            "dev": true,
            "license": "MIT",
            "engines": {
                "node": ">=8"
            }
        },
        "node_modules/braces": {
            "version": "3.0.2",
            "dev": true,
            "license": "MIT",
            "dependencies": {
                "fill-range": "^7.0.1"
            },
            "engines": {
                "node": ">=8"
            }
        },
        "node_modules/case-anything": {
            "version": "2.1.13",
            "dev": true,
            "license": "MIT",
            "peer": true,
            "engines": {
                "node": ">=12.13"
            },
            "funding": {
                "url": "https://github.com/sponsors/mesqueeb"
            }
        },
        "node_modules/chokidar": {
            "version": "3.5.3",
            "dev": true,
            "funding": [
                {
                    "type": "individual",
                    "url": "https://paulmillr.com/funding/"
                }
            ],
            "license": "MIT",
            "dependencies": {
                "anymatch": "~3.1.2",
                "braces": "~3.0.2",
                "glob-parent": "~5.1.2",
                "is-binary-path": "~2.1.0",
                "is-glob": "~4.0.1",
                "normalize-path": "~3.0.0",
                "readdirp": "~3.6.0"
            },
            "engines": {
                "node": ">= 8.10.0"
            },
            "optionalDependencies": {
                "fsevents": "~2.3.2"
            }
        },
        "node_modules/crelt": {
            "version": "1.0.6",
            "dev": true,
            "license": "MIT",
            "peer": true
        },
        "node_modules/csstype": {
            "version": "3.1.2",
            "dev": true,
            "license": "MIT"
        },
        "node_modules/dash-get": {
            "version": "1.0.2",
            "dev": true,
            "license": "MIT",
            "peer": true
        },
        "node_modules/deepmerge": {
            "version": "4.3.1",
            "dev": true,
            "license": "MIT",
            "peer": true,
            "engines": {
                "node": ">=0.10.0"
            }
        },
        "node_modules/entities": {
            "version": "3.0.1",
            "dev": true,
            "license": "BSD-2-Clause",
            "peer": true,
            "engines": {
                "node": ">=0.12"
            },
            "funding": {
                "url": "https://github.com/fb55/entities?sponsor=1"
            }
        },
        "node_modules/esbuild": {
            "version": "0.15.18",
            "dev": true,
            "hasInstallScript": true,
            "license": "MIT",
            "bin": {
                "esbuild": "bin/esbuild"
            },
            "engines": {
                "node": ">=12"
            },
            "optionalDependencies": {
                "@esbuild/android-arm": "0.15.18",
                "@esbuild/linux-loong64": "0.15.18",
                "esbuild-android-64": "0.15.18",
                "esbuild-android-arm64": "0.15.18",
                "esbuild-darwin-64": "0.15.18",
                "esbuild-darwin-arm64": "0.15.18",
                "esbuild-freebsd-64": "0.15.18",
                "esbuild-freebsd-arm64": "0.15.18",
                "esbuild-linux-32": "0.15.18",
                "esbuild-linux-64": "0.15.18",
                "esbuild-linux-arm": "0.15.18",
                "esbuild-linux-arm64": "0.15.18",
                "esbuild-linux-mips64le": "0.15.18",
                "esbuild-linux-ppc64le": "0.15.18",
                "esbuild-linux-riscv64": "0.15.18",
                "esbuild-linux-s390x": "0.15.18",
                "esbuild-netbsd-64": "0.15.18",
                "esbuild-openbsd-64": "0.15.18",
                "esbuild-sunos-64": "0.15.18",
                "esbuild-windows-32": "0.15.18",
                "esbuild-windows-64": "0.15.18",
                "esbuild-windows-arm64": "0.15.18"
            }
        },
        "node_modules/esbuild-darwin-arm64": {
            "version": "0.15.18",
            "cpu": [
                "arm64"
            ],
            "dev": true,
            "license": "MIT",
            "optional": true,
            "os": [
                "darwin"
            ],
            "engines": {
                "node": ">=12"
            }
        },
        "node_modules/escape-string-regexp": {
            "version": "4.0.0",
            "dev": true,
            "license": "MIT",
            "peer": true,
            "engines": {
                "node": ">=10"
            },
            "funding": {
                "url": "https://github.com/sponsors/sindresorhus"
            }
        },
        "node_modules/estree-walker": {
            "version": "2.0.2",
            "dev": true,
            "license": "MIT"
        },
        "node_modules/fast-deep-equal": {
            "version": "3.1.3",
            "dev": true,
            "license": "MIT",
            "peer": true
        },
        "node_modules/fill-range": {
            "version": "7.0.1",
            "dev": true,
            "license": "MIT",
            "dependencies": {
                "to-regex-range": "^5.0.1"
            },
            "engines": {
                "node": ">=8"
            }
        },
        "node_modules/fsevents": {
            "version": "2.3.3",
            "dev": true,
            "license": "MIT",
            "optional": true,
            "os": [
                "darwin"
            ],
            "engines": {
                "node": "^8.16.0 || ^10.6.0 || >=11.0.0"
            }
        },
        "node_modules/glob-parent": {
            "version": "5.1.2",
            "dev": true,
            "license": "ISC",
            "dependencies": {
                "is-glob": "^4.0.1"
            },
            "engines": {
                "node": ">= 6"
            }
        },
        "node_modules/has": {
            "version": "1.0.4",
            "dev": true,
            "license": "MIT",
            "engines": {
                "node": ">= 0.4.0"
            }
        },
        "node_modules/immutable": {
            "version": "4.3.4",
            "dev": true,
            "license": "MIT"
        },
        "node_modules/is-binary-path": {
            "version": "2.1.0",
            "dev": true,
            "license": "MIT",
            "dependencies": {
                "binary-extensions": "^2.0.0"
            },
            "engines": {
                "node": ">=8"
            }
        },
        "node_modules/is-core-module": {
            "version": "2.13.0",
            "dev": true,
            "license": "MIT",
            "dependencies": {
                "has": "^1.0.3"
            },
            "funding": {
                "url": "https://github.com/sponsors/ljharb"
            }
        },
        "node_modules/is-extendable": {
            "version": "1.0.1",
            "dev": true,
            "license": "MIT",
            "peer": true,
            "dependencies": {
                "is-plain-object": "^2.0.4"
            },
            "engines": {
                "node": ">=0.10.0"
            }
        },
        "node_modules/is-extglob": {
            "version": "2.1.1",
            "dev": true,
            "license": "MIT",
            "engines": {
                "node": ">=0.10.0"
            }
        },
        "node_modules/is-glob": {
            "version": "4.0.3",
            "dev": true,
            "license": "MIT",
            "dependencies": {
                "is-extglob": "^2.1.1"
            },
            "engines": {
                "node": ">=0.10.0"
            }
        },
        "node_modules/is-number": {
            "version": "7.0.0",
            "dev": true,
            "license": "MIT",
            "engines": {
                "node": ">=0.12.0"
            }
        },
        "node_modules/is-plain-object": {
            "version": "2.0.4",
            "dev": true,
            "license": "MIT",
            "peer": true,
            "dependencies": {
                "isobject": "^3.0.1"
            },
            "engines": {
                "node": ">=0.10.0"
            }
        },
        "node_modules/isobject": {
            "version": "3.0.1",
            "dev": true,
            "license": "MIT",
            "peer": true,
            "engines": {
                "node": ">=0.10.0"
            }
        },
        "node_modules/laravel-vite-plugin": {
            "version": "0.6.1",
            "dev": true,
            "license": "MIT",
            "dependencies": {
                "vite-plugin-full-reload": "^1.0.1"
            },
            "engines": {
                "node": ">=14"
            },
            "peerDependencies": {
                "vite": "^3.0.0"
            }
        },
        "node_modules/linguist-languages": {
            "version": "7.26.1",
            "dev": true,
            "license": "MIT"
        },
        "node_modules/linkify-it": {
            "version": "4.0.1",
            "dev": true,
            "license": "MIT",
            "peer": true,
            "dependencies": {
                "uc.micro": "^1.0.1"
            }
        },
        "node_modules/lodash": {
            "version": "4.17.21",
            "dev": true,
            "license": "MIT"
        },
        "node_modules/magic-string": {
            "version": "0.30.5",
            "dev": true,
            "license": "MIT",
            "dependencies": {
                "@jridgewell/sourcemap-codec": "^1.4.15"
            },
            "engines": {
                "node": ">=12"
            }
        },
        "node_modules/make-error": {
            "version": "1.3.6",
            "dev": true,
            "license": "ISC",
            "peer": true
        },
        "node_modules/map-age-cleaner": {
            "version": "0.1.3",
            "dev": true,
            "license": "MIT",
            "dependencies": {
                "p-defer": "^1.0.0"
            },
            "engines": {
                "node": ">=6"
            }
        },
        "node_modules/markdown-it": {
            "version": "13.0.2",
            "dev": true,
            "license": "MIT",
            "peer": true,
            "dependencies": {
                "argparse": "^2.0.1",
                "entities": "~3.0.1",
                "linkify-it": "^4.0.1",
                "mdurl": "^1.0.1",
                "uc.micro": "^1.0.5"
            },
            "bin": {
                "markdown-it": "bin/markdown-it.js"
            }
        },
        "node_modules/mdurl": {
            "version": "1.0.1",
            "dev": true,
            "license": "MIT",
            "peer": true
        },
        "node_modules/mem": {
            "version": "8.1.1",
            "dev": true,
            "license": "MIT",
            "dependencies": {
                "map-age-cleaner": "^0.1.3",
                "mimic-fn": "^3.1.0"
            },
            "engines": {
                "node": ">=10"
            },
            "funding": {
                "url": "https://github.com/sindresorhus/mem?sponsor=1"
            }
        },
        "node_modules/mimic-fn": {
            "version": "3.1.0",
            "dev": true,
            "license": "MIT",
            "engines": {
                "node": ">=8"
            }
        },
        "node_modules/nanoid": {
            "version": "3.3.6",
            "dev": true,
            "funding": [
                {
                    "type": "github",
                    "url": "https://github.com/sponsors/ai"
                }
            ],
            "license": "MIT",
            "bin": {
                "nanoid": "bin/nanoid.cjs"
            },
            "engines": {
                "node": "^10 || ^12 || ^13.7 || ^14 || >=15.0.1"
            }
        },
        "node_modules/normalize-path": {
            "version": "3.0.0",
            "dev": true,
            "license": "MIT",
            "engines": {
                "node": ">=0.10.0"
            }
        },
        "node_modules/object.omit": {
            "version": "3.0.0",
            "dev": true,
            "license": "MIT",
            "peer": true,
            "dependencies": {
                "is-extendable": "^1.0.0"
            },
            "engines": {
                "node": ">=0.10.0"
            }
        },
        "node_modules/object.pick": {
            "version": "1.3.0",
            "dev": true,
            "license": "MIT",
            "peer": true,
            "dependencies": {
                "isobject": "^3.0.1"
            },
            "engines": {
                "node": ">=0.10.0"
            }
        },
        "node_modules/orderedmap": {
            "version": "2.1.1",
            "dev": true,
            "license": "MIT",
            "peer": true
        },
        "node_modules/p-defer": {
            "version": "1.0.0",
            "dev": true,
            "license": "MIT",
            "engines": {
                "node": ">=4"
            }
        },
        "node_modules/path-parse": {
            "version": "1.0.7",
            "dev": true,
            "license": "MIT"
        },
        "node_modules/php-parser": {
            "version": "3.1.5",
            "dev": true,
            "license": "BSD-3-Clause"
        },
        "node_modules/picocolors": {
            "version": "1.0.0",
            "dev": true,
            "license": "ISC"
        },
        "node_modules/picomatch": {
            "version": "2.3.1",
            "dev": true,
            "license": "MIT",
            "engines": {
                "node": ">=8.6"
            },
            "funding": {
                "url": "https://github.com/sponsors/jonschlinkert"
            }
        },
        "node_modules/postcss": {
            "version": "8.4.31",
            "dev": true,
            "funding": [
                {
                    "type": "opencollective",
                    "url": "https://opencollective.com/postcss/"
                },
                {
                    "type": "tidelift",
                    "url": "https://tidelift.com/funding/github/npm/postcss"
                },
                {
                    "type": "github",
                    "url": "https://github.com/sponsors/ai"
                }
            ],
            "license": "MIT",
            "dependencies": {
                "nanoid": "^3.3.6",
                "picocolors": "^1.0.0",
                "source-map-js": "^1.0.2"
            },
            "engines": {
                "node": "^10 || ^12 || >=14"
            }
        },
        "node_modules/prettier": {
            "version": "2.8.8",
            "dev": true,
            "license": "MIT",
            "peer": true,
            "bin": {
                "prettier": "bin-prettier.js"
            },
            "engines": {
                "node": ">=10.13.0"
            },
            "funding": {
                "url": "https://github.com/prettier/prettier?sponsor=1"
            }
        },
        "node_modules/prosemirror-changeset": {
            "version": "2.2.1",
            "dev": true,
            "license": "MIT",
            "peer": true,
            "dependencies": {
                "prosemirror-transform": "^1.0.0"
            }
        },
        "node_modules/prosemirror-collab": {
            "version": "1.3.1",
            "dev": true,
            "license": "MIT",
            "peer": true,
            "dependencies": {
                "prosemirror-state": "^1.0.0"
            }
        },
        "node_modules/prosemirror-commands": {
            "version": "1.5.2",
            "dev": true,
            "license": "MIT",
            "peer": true,
            "dependencies": {
                "prosemirror-model": "^1.0.0",
                "prosemirror-state": "^1.0.0",
                "prosemirror-transform": "^1.0.0"
            }
        },
        "node_modules/prosemirror-dropcursor": {
            "version": "1.8.1",
            "dev": true,
            "license": "MIT",
            "peer": true,
            "dependencies": {
                "prosemirror-state": "^1.0.0",
                "prosemirror-transform": "^1.1.0",
                "prosemirror-view": "^1.1.0"
            }
        },
        "node_modules/prosemirror-gapcursor": {
            "version": "1.3.2",
            "dev": true,
            "license": "MIT",
            "peer": true,
            "dependencies": {
                "prosemirror-keymap": "^1.0.0",
                "prosemirror-model": "^1.0.0",
                "prosemirror-state": "^1.0.0",
                "prosemirror-view": "^1.0.0"
            }
        },
        "node_modules/prosemirror-history": {
            "version": "1.3.2",
            "dev": true,
            "license": "MIT",
            "peer": true,
            "dependencies": {
                "prosemirror-state": "^1.2.2",
                "prosemirror-transform": "^1.0.0",
                "prosemirror-view": "^1.31.0",
                "rope-sequence": "^1.3.0"
            }
        },
        "node_modules/prosemirror-inputrules": {
            "version": "1.2.1",
            "dev": true,
            "license": "MIT",
            "peer": true,
            "dependencies": {
                "prosemirror-state": "^1.0.0",
                "prosemirror-transform": "^1.0.0"
            }
        },
        "node_modules/prosemirror-keymap": {
            "version": "1.2.2",
            "dev": true,
            "license": "MIT",
            "peer": true,
            "dependencies": {
                "prosemirror-state": "^1.0.0",
                "w3c-keyname": "^2.2.0"
            }
        },
        "node_modules/prosemirror-markdown": {
            "version": "1.11.2",
            "dev": true,
            "license": "MIT",
            "peer": true,
            "dependencies": {
                "markdown-it": "^13.0.1",
                "prosemirror-model": "^1.0.0"
            }
        },
        "node_modules/prosemirror-menu": {
            "version": "1.2.4",
            "dev": true,
            "license": "MIT",
            "peer": true,
            "dependencies": {
                "crelt": "^1.0.0",
                "prosemirror-commands": "^1.0.0",
                "prosemirror-history": "^1.0.0",
                "prosemirror-state": "^1.0.0"
            }
        },
        "node_modules/prosemirror-model": {
            "version": "1.19.3",
            "dev": true,
            "license": "MIT",
            "peer": true,
            "dependencies": {
                "orderedmap": "^2.0.0"
            }
        },
        "node_modules/prosemirror-schema-basic": {
            "version": "1.2.2",
            "dev": true,
            "license": "MIT",
            "peer": true,
            "dependencies": {
                "prosemirror-model": "^1.19.0"
            }
        },
        "node_modules/prosemirror-schema-list": {
            "version": "1.3.0",
            "dev": true,
            "license": "MIT",
            "peer": true,
            "dependencies": {
                "prosemirror-model": "^1.0.0",
                "prosemirror-state": "^1.0.0",
                "prosemirror-transform": "^1.7.3"
            }
        },
        "node_modules/prosemirror-state": {
            "version": "1.4.3",
            "dev": true,
            "license": "MIT",
            "peer": true,
            "dependencies": {
                "prosemirror-model": "^1.0.0",
                "prosemirror-transform": "^1.0.0",
                "prosemirror-view": "^1.27.0"
            }
        },
        "node_modules/prosemirror-tables": {
            "version": "1.3.4",
            "dev": true,
            "license": "MIT",
            "peer": true,
            "dependencies": {
                "prosemirror-keymap": "^1.1.2",
                "prosemirror-model": "^1.8.1",
                "prosemirror-state": "^1.3.1",
                "prosemirror-transform": "^1.2.1",
                "prosemirror-view": "^1.13.3"
            }
        },
        "node_modules/prosemirror-trailing-node": {
            "version": "2.0.7",
            "dev": true,
            "license": "MIT",
            "peer": true,
            "dependencies": {
                "@remirror/core-constants": "^2.0.2",
                "@remirror/core-helpers": "^3.0.0",
                "escape-string-regexp": "^4.0.0"
            },
            "peerDependencies": {
                "prosemirror-model": "^1.19.0",
                "prosemirror-state": "^1.4.2",
                "prosemirror-view": "^1.31.2"
            }
        },
        "node_modules/prosemirror-transform": {
            "version": "1.8.0",
            "dev": true,
            "license": "MIT",
            "peer": true,
            "dependencies": {
                "prosemirror-model": "^1.0.0"
            }
        },
        "node_modules/prosemirror-view": {
            "version": "1.32.1",
            "dev": true,
            "license": "MIT",
            "peer": true,
            "dependencies": {
                "prosemirror-model": "^1.16.0",
                "prosemirror-state": "^1.0.0",
                "prosemirror-transform": "^1.1.0"
            }
        },
        "node_modules/readdirp": {
            "version": "3.6.0",
            "dev": true,
            "license": "MIT",
            "dependencies": {
                "picomatch": "^2.2.1"
            },
            "engines": {
                "node": ">=8.10.0"
            }
        },
        "node_modules/resolve": {
            "version": "1.22.8",
            "dev": true,
            "license": "MIT",
            "dependencies": {
                "is-core-module": "^2.13.0",
                "path-parse": "^1.0.7",
                "supports-preserve-symlinks-flag": "^1.0.0"
            },
            "bin": {
                "resolve": "bin/resolve"
            },
            "funding": {
                "url": "https://github.com/sponsors/ljharb"
            }
        },
        "node_modules/rollup": {
            "version": "2.79.1",
            "dev": true,
            "license": "MIT",
            "bin": {
                "rollup": "dist/bin/rollup"
            },
            "engines": {
                "node": ">=10.0.0"
            },
            "optionalDependencies": {
                "fsevents": "~2.3.2"
            }
        },
        "node_modules/rope-sequence": {
            "version": "1.3.4",
            "dev": true,
            "license": "MIT",
            "peer": true
        },
        "node_modules/sass": {
            "version": "1.69.4",
            "dev": true,
            "license": "MIT",
            "dependencies": {
                "chokidar": ">=3.0.0 <4.0.0",
                "immutable": "^4.0.0",
                "source-map-js": ">=0.6.2 <2.0.0"
            },
            "bin": {
                "sass": "sass.js"
            },
            "engines": {
                "node": ">=14.0.0"
            }
        },
        "node_modules/source-map-js": {
            "version": "1.0.2",
            "dev": true,
            "license": "BSD-3-Clause",
            "engines": {
                "node": ">=0.10.0"
            }
        },
        "node_modules/spectre.css": {
            "version": "0.5.9",
            "dev": true,
            "license": "MIT"
        },
        "node_modules/supports-preserve-symlinks-flag": {
            "version": "1.0.0",
            "dev": true,
            "license": "MIT",
            "engines": {
                "node": ">= 0.4"
            },
            "funding": {
                "url": "https://github.com/sponsors/ljharb"
            }
        },
        "node_modules/text-clipper": {
            "version": "2.2.0",
            "dev": true,
            "license": "MIT"
        },
        "node_modules/throttle-debounce": {
            "version": "3.0.1",
            "dev": true,
            "license": "MIT",
            "peer": true,
            "engines": {
                "node": ">=10"
            }
        },
        "node_modules/tippy.js": {
            "version": "6.3.7",
            "dev": true,
            "license": "MIT",
            "dependencies": {
                "@popperjs/core": "^2.9.0"
            }
        },
        "node_modules/to-regex-range": {
            "version": "5.0.1",
            "dev": true,
            "license": "MIT",
            "dependencies": {
                "is-number": "^7.0.0"
            },
            "engines": {
                "node": ">=8.0"
            }
        },
        "node_modules/type-fest": {
            "version": "2.19.0",
            "dev": true,
            "license": "(MIT OR CC0-1.0)",
            "peer": true,
            "engines": {
                "node": ">=12.20"
            },
            "funding": {
                "url": "https://github.com/sponsors/sindresorhus"
            }
        },
        "node_modules/uc.micro": {
            "version": "1.0.6",
            "dev": true,
            "license": "MIT",
            "peer": true
        },
        "node_modules/vite": {
            "version": "3.2.7",
            "dev": true,
            "license": "MIT",
            "dependencies": {
                "esbuild": "^0.15.9",
                "postcss": "^8.4.18",
                "resolve": "^1.22.1",
                "rollup": "^2.79.1"
            },
            "bin": {
                "vite": "bin/vite.js"
            },
            "engines": {
                "node": "^14.18.0 || >=16.0.0"
            },
            "optionalDependencies": {
                "fsevents": "~2.3.2"
            },
            "peerDependencies": {
                "@types/node": ">= 14",
                "less": "*",
                "sass": "*",
                "stylus": "*",
                "sugarss": "*",
                "terser": "^5.4.0"
            },
            "peerDependenciesMeta": {
                "@types/node": {
                    "optional": true
                },
                "less": {
                    "optional": true
                },
                "sass": {
                    "optional": true
                },
                "stylus": {
                    "optional": true
                },
                "sugarss": {
                    "optional": true
                },
                "terser": {
                    "optional": true
                }
            }
        },
        "node_modules/vite-plugin-full-reload": {
            "version": "1.0.5",
            "dev": true,
            "license": "MIT",
            "dependencies": {
                "picocolors": "^1.0.0",
                "picomatch": "^2.3.1"
            },
            "peerDependencies": {
                "vite": "^2 || ^3 || ^4"
            }
        },
        "node_modules/vue": {
            "version": "3.3.4",
            "dev": true,
            "license": "MIT",
            "dependencies": {
                "@vue/compiler-dom": "3.3.4",
                "@vue/compiler-sfc": "3.3.4",
                "@vue/runtime-dom": "3.3.4",
                "@vue/server-renderer": "3.3.4",
                "@vue/shared": "3.3.4"
            }
        },
        "node_modules/vue-cookies": {
            "version": "1.8.3",
            "dev": true,
            "license": "MIT"
        },
        "node_modules/vue-router": {
            "version": "4.2.5",
            "dev": true,
            "license": "MIT",
            "dependencies": {
                "@vue/devtools-api": "^6.5.0"
            },
            "funding": {
                "url": "https://github.com/sponsors/posva"
            },
            "peerDependencies": {
                "vue": "^3.2.0"
            }
        },
        "node_modules/w3c-keyname": {
            "version": "2.2.8",
            "dev": true,
            "license": "MIT",
            "peer": true
        }
    }
}
